
Microsoft Visual Studio Solution File, Format Version 12.00
# Visual Studio Version 17
VisualStudioVersion = 17.13.35931.197
MinimumVisualStudioVersion = 10.0.40219.1
Project("{FAE04EC0-301F-11D3-BF4B-00C04F79EFBC}") = "WebAPI", "WebAPI.csproj", "{AFBFFF2B-6092-48BB-B089-65182480D1DF}"
EndProject
Project("{FAE04EC0-301F-11D3-BF4B-00C04F79EFBC}") = "Infrastructure", "..\Infrastructure\Infrastructure.csproj", "{449019DA-8547-4623-9F71-AC1AC400486E}"
EndProject
Project("{FAE04EC0-301F-11D3-BF4B-00C04F79EFBC}") = "Application", "..\Application\Application.csproj", "{EC4729BB-EF85-4F5E-9BFA-DB4D6D372090}"
EndProject
Project("{FAE04EC0-301F-11D3-BF4B-00C04F79EFBC}") = "Domain", "..\Domain\Domain.csproj", "{CF1DB295-6F91-40B9-A45A-221CE6D7C39F}"
EndProject
Project("{FAE04EC0-301F-11D3-BF4B-00C04F79EFBC}") = "AnotherDotnetToolkit", "..\AnotherDotnetToolKit\AnotherDotnetToolkit.csproj", "{7567CCFF-631C-4EFA-95D7-6AACA6AAE69D}"
EndProject
Global
	GlobalSection(SolutionConfigurationPlatforms) = preSolution
		Debug|Any CPU = Debug|Any CPU
		Release|Any CPU = Release|Any CPU
	EndGlobalSection
	GlobalSection(ProjectConfigurationPlatforms) = postSolution
		{AFBFFF2B-6092-48BB-B089-65182480D1DF}.Debug|Any CPU.ActiveCfg = Debug|Any CPU
		{AFBFFF2B-6092-48BB-B089-65182480D1DF}.Debug|Any CPU.Build.0 = Debug|Any CPU
		{AFBFFF2B-6092-48BB-B089-65182480D1DF}.Release|Any CPU.ActiveCfg = Release|Any CPU
		{AFBFFF2B-6092-48BB-B089-65182480D1DF}.Release|Any CPU.Build.0 = Release|Any CPU
		{449019DA-8547-4623-9F71-AC1AC400486E}.Debug|Any CPU.ActiveCfg = Debug|Any CPU
		{449019DA-8547-4623-9F71-AC1AC400486E}.Debug|Any CPU.Build.0 = Debug|Any CPU
		{449019DA-8547-4623-9F71-AC1AC400486E}.Release|Any CPU.ActiveCfg = Release|Any CPU
		{449019DA-8547-4623-9F71-AC1AC400486E}.Release|Any CPU.Build.0 = Release|Any CPU
		{EC4729BB-EF85-4F5E-9BFA-DB4D6D372090}.Debug|Any CPU.ActiveCfg = Debug|Any CPU
		{EC4729BB-EF85-4F5E-9BFA-DB4D6D372090}.Debug|Any CPU.Build.0 = Debug|Any CPU
		{EC4729BB-EF85-4F5E-9BFA-DB4D6D372090}.Release|Any CPU.ActiveCfg = Release|Any CPU
		{EC4729BB-EF85-4F5E-9BFA-DB4D6D372090}.Release|Any CPU.Build.0 = Release|Any CPU
		{CF1DB295-6F91-40B9-A45A-221CE6D7C39F}.Debug|Any CPU.ActiveCfg = Debug|Any CPU
		{CF1DB295-6F91-40B9-A45A-221CE6D7C39F}.Debug|Any CPU.Build.0 = Debug|Any CPU
		{CF1DB295-6F91-40B9-A45A-221CE6D7C39F}.Release|Any CPU.ActiveCfg = Release|Any CPU
		{CF1DB295-6F91-40B9-A45A-221CE6D7C39F}.Release|Any CPU.Build.0 = Release|Any CPU
		{7567CCFF-631C-4EFA-95D7-6AACA6AAE69D}.Debug|Any CPU.ActiveCfg = Debug|Any CPU
		{7567CCFF-631C-4EFA-95D7-6AACA6AAE69D}.Debug|Any CPU.Build.0 = Debug|Any CPU
		{7567CCFF-631C-4EFA-95D7-6AACA6AAE69D}.Release|Any CPU.ActiveCfg = Release|Any CPU
		{7567CCFF-631C-4EFA-95D7-6AACA6AAE69D}.Release|Any CPU.Build.0 = Release|Any CPU
	EndGlobalSection
	GlobalSection(SolutionProperties) = preSolution
		HideSolutionNode = FALSE
	EndGlobalSection
	GlobalSection(ExtensibilityGlobals) = postSolution
		SolutionGuid = {DE8AFE38-1277-4D4A-8BDE-178FF531DDA8}
	EndGlobalSection
EndGlobal
